
Microsoft Visual Studio Solution File, Format Version 12.00
# Visual Studio Version 16
VisualStudioVersion = 16.0.33027.164
MinimumVisualStudioVersion = 10.0.40219.1
Project("{FAE04EC0-301F-11D3-BF4B-00C04F79EFBC}") = "WpfApp1", "WpfApp1\WpfApp1.csproj", "{454B91E1-3957-4D92-A9DF-4FAF77E9B4D2}"
EndProject
Project("{FAE04EC0-301F-11D3-BF4B-00C04F79EFBC}") = "WpfApp2", "WpfApp2\WpfApp2.csproj", "{5A3493EF-2CB1-48BC-BC8F-DE1F013C7685}"
EndProject
Project("{FAE04EC0-301F-11D3-BF4B-00C04F79EFBC}") = "WpfApp3", "WpfApp3\WpfApp3.csproj", "{535A6822-F1CB-4025-98DB-3F7DB7DE295A}"
EndProject
Project("{FAE04EC0-301F-11D3-BF4B-00C04F79EFBC}") = "WpfApp4", "WpfApp4\WpfApp4.csproj", "{BD37A365-9DD1-4032-B82A-A2CCB4E17081}"
EndProject
Project("{FAE04EC0-301F-11D3-BF4B-00C04F79EFBC}") = "WpfApp5", "WpfApp5\WpfApp5.csproj", "{2B50038E-CA40-42FD-8E8B-5792B8AFAD0C}"
EndProject
Global
	GlobalSection(SolutionConfigurationPlatforms) = preSolution
		Debug|Any CPU = Debug|Any CPU
		Release|Any CPU = Release|Any CPU
	EndGlobalSection
	GlobalSection(ProjectConfigurationPlatforms) = postSolution
		{454B91E1-3957-4D92-A9DF-4FAF77E9B4D2}.Debug|Any CPU.ActiveCfg = Debug|Any CPU
		{454B91E1-3957-4D92-A9DF-4FAF77E9B4D2}.Debug|Any CPU.Build.0 = Debug|Any CPU
		{454B91E1-3957-4D92-A9DF-4FAF77E9B4D2}.Release|Any CPU.ActiveCfg = Release|Any CPU
		{454B91E1-3957-4D92-A9DF-4FAF77E9B4D2}.Release|Any CPU.Build.0 = Release|Any CPU
		{5A3493EF-2CB1-48BC-BC8F-DE1F013C7685}.Debug|Any CPU.ActiveCfg = Debug|Any CPU
		{5A3493EF-2CB1-48BC-BC8F-DE1F013C7685}.Debug|Any CPU.Build.0 = Debug|Any CPU
		{5A3493EF-2CB1-48BC-BC8F-DE1F013C7685}.Release|Any CPU.ActiveCfg = Release|Any CPU
		{5A3493EF-2CB1-48BC-BC8F-DE1F013C7685}.Release|Any CPU.Build.0 = Release|Any CPU
		{535A6822-F1CB-4025-98DB-3F7DB7DE295A}.Debug|Any CPU.ActiveCfg = Debug|Any CPU
		{535A6822-F1CB-4025-98DB-3F7DB7DE295A}.Debug|Any CPU.Build.0 = Debug|Any CPU
		{535A6822-F1CB-4025-98DB-3F7DB7DE295A}.Release|Any CPU.ActiveCfg = Release|Any CPU
		{535A6822-F1CB-4025-98DB-3F7DB7DE295A}.Release|Any CPU.Build.0 = Release|Any CPU
		{BD37A365-9DD1-4032-B82A-A2CCB4E17081}.Debug|Any CPU.ActiveCfg = Debug|Any CPU
		{BD37A365-9DD1-4032-B82A-A2CCB4E17081}.Debug|Any CPU.Build.0 = Debug|Any CPU
		{BD37A365-9DD1-4032-B82A-A2CCB4E17081}.Release|Any CPU.ActiveCfg = Release|Any CPU
		{BD37A365-9DD1-4032-B82A-A2CCB4E17081}.Release|Any CPU.Build.0 = Release|Any CPU
		{2B50038E-CA40-42FD-8E8B-5792B8AFAD0C}.Debug|Any CPU.ActiveCfg = Debug|Any CPU
		{2B50038E-CA40-42FD-8E8B-5792B8AFAD0C}.Debug|Any CPU.Build.0 = Debug|Any CPU
		{2B50038E-CA40-42FD-8E8B-5792B8AFAD0C}.Release|Any CPU.ActiveCfg = Release|Any CPU
		{2B50038E-CA40-42FD-8E8B-5792B8AFAD0C}.Release|Any CPU.Build.0 = Release|Any CPU
	EndGlobalSection
	GlobalSection(SolutionProperties) = preSolution
		HideSolutionNode = FALSE
	EndGlobalSection
	GlobalSection(ExtensibilityGlobals) = postSolution
		SolutionGuid = {512C8C50-AA69-4987-BF3D-63351FCFA6A9}
	EndGlobalSection
EndGlobal
